
Microsoft Visual Studio Solution File, Format Version 12.00
# Visual Studio Version 17
VisualStudioVersion = 17.14.36518.9 d17.14
MinimumVisualStudioVersion = 10.0.40219.1
Project("{8BC9CEB8-8B4A-11D0-8D11-00A0C91BC942}") = "CGStudies_GraphicRenderer", "CGStudies_GraphicRenderer\CGStudies_GraphicRenderer.vcxproj", "{7E4660A4-C622-4E67-A90D-EA6C621060F6}"
EndProject
Global
	GlobalSection(SolutionConfigurationPlatforms) = preSolution
		Debug|x64 = Debug|x64
		Debug|x86 = Debug|x86
		Release|x64 = Release|x64
		Release|x86 = Release|x86
	EndGlobalSection
	GlobalSection(ProjectConfigurationPlatforms) = postSolution
		{7E4660A4-C622-4E67-A90D-EA6C621060F6}.Debug|x64.ActiveCfg = Debug|x64
		{7E4660A4-C622-4E67-A90D-EA6C621060F6}.Debug|x64.Build.0 = Debug|x64
		{7E4660A4-C622-4E67-A90D-EA6C621060F6}.Debug|x86.ActiveCfg = Debug|Win32
		{7E4660A4-C622-4E67-A90D-EA6C621060F6}.Debug|x86.Build.0 = Debug|Win32
		{7E4660A4-C622-4E67-A90D-EA6C621060F6}.Release|x64.ActiveCfg = Release|x64
		{7E4660A4-C622-4E67-A90D-EA6C621060F6}.Release|x64.Build.0 = Release|x64
		{7E4660A4-C622-4E67-A90D-EA6C621060F6}.Release|x86.ActiveCfg = Release|Win32
		{7E4660A4-C622-4E67-A90D-EA6C621060F6}.Release|x86.Build.0 = Release|Win32
	EndGlobalSection
	GlobalSection(SolutionProperties) = preSolution
		HideSolutionNode = FALSE
	EndGlobalSection
	GlobalSection(ExtensibilityGlobals) = postSolution
		SolutionGuid = {33B72987-51F2-4068-A1AC-92E9A0DF1015}
	EndGlobalSection
EndGlobal
